
Microsoft Visual Studio Solution File, Format Version 12.00
# Visual Studio Version 17
VisualStudioVersion = 17.4.33205.214
MinimumVisualStudioVersion = 10.0.40219.1
Project("{FAE04EC0-301F-11D3-BF4B-00C04F79EFBC}") = "LearnEf", "LearnEf\LearnEf.csproj", "{9F4D2BD4-61F7-4009-BD68-3E2C715FE473}"
EndProject
Global
	GlobalSection(SolutionConfigurationPlatforms) = preSolution
		Debug|Any CPU = Debug|Any CPU
		Release|Any CPU = Release|Any CPU
	EndGlobalSection
	GlobalSection(ProjectConfigurationPlatforms) = postSolution
		{9F4D2BD4-61F7-4009-BD68-3E2C715FE473}.Debug|Any CPU.ActiveCfg = Debug|Any CPU
		{9F4D2BD4-61F7-4009-BD68-3E2C715FE473}.Debug|Any CPU.Build.0 = Debug|Any CPU
		{9F4D2BD4-61F7-4009-BD68-3E2C715FE473}.Release|Any CPU.ActiveCfg = Release|Any CPU
		{9F4D2BD4-61F7-4009-BD68-3E2C715FE473}.Release|Any CPU.Build.0 = Release|Any CPU
	EndGlobalSection
	GlobalSection(SolutionProperties) = preSolution
		HideSolutionNode = FALSE
	EndGlobalSection
	GlobalSection(ExtensibilityGlobals) = postSolution
		SolutionGuid = {5A9F30EA-BB67-46A1-8FDE-3A40EB400CEF}
	EndGlobalSection
EndGlobal
